{
  "name": "mi-website-2018",
  "version": "0.0.1",
  "lockfileVersion": 1,
  "requires": true,
  "dependencies": {
    "foundation-sites": {
      "version": "6.4.4-rc1",
      "resolved": "https://registry.npmjs.org/foundation-sites/-/foundation-sites-6.4.4-rc1.tgz",
      "integrity": "sha512-26cL66QFNqMVwM7bmIEqq4jiW+6CkIeW719ci1pchdJ4UK0Om+3Jl7MhkX/lzdzRHB75f2m1IK9lxk3JGOwApA==",
      "requires": {
        "jquery": ">=3.0.0",
        "what-input": "^4.1.3"
      }
    },
    "jquery": {
      "version": "3.4.1",
      "resolved": "https://registry.npmjs.org/jquery/-/jquery-3.4.1.tgz",
      "integrity": "sha512-36+AdBzCL+y6qjw5Tx7HgzeGCzC81MDDgaUP8ld2zhx58HdqXGoBd+tHdrBMiyjGQs0Hxs/MLZTu/eHNJJuWPw=="
    },
    "what-input": {
      "version": "4.3.1",
      "resolved": "https://registry.npmjs.org/what-input/-/what-input-4.3.1.tgz",
      "integrity": "sha512-7KD71RWNRWI9M08shZ8+n/2UjO5amwsG9PMSXWz0iIlH8H2DVbHE8Z2tW1RqQa0kIwdeqdUIffFz7crDfkcbAw=="
    }
  }
}
